
Microsoft Visual Studio Solution File, Format Version 12.00
# Visual Studio Version 17
VisualStudioVersion = 17.2.32630.192
MinimumVisualStudioVersion = 10.0.40219.1
Project("{E24C65DC-7377-472B-9ABA-BC803B73C61A}") = "SAP", "SAP\", "{DDD3AA2A-320F-4698-A04E-BA1616CFA690}"
	ProjectSection(WebsiteProperties) = preProject
		TargetFrameworkMoniker = ".NETFramework,Version%3Dv4.8"
		Debug.AspNetCompiler.VirtualPath = "/localhost_60195"
		Debug.AspNetCompiler.PhysicalPath = "SAP\"
		Debug.AspNetCompiler.TargetPath = "PrecompiledWeb\localhost_60195\"
		Debug.AspNetCompiler.Updateable = "true"
		Debug.AspNetCompiler.ForceOverwrite = "true"
		Debug.AspNetCompiler.FixedNames = "false"
		Debug.AspNetCompiler.Debug = "True"
		Release.AspNetCompiler.VirtualPath = "/localhost_60195"
		Release.AspNetCompiler.PhysicalPath = "SAP\"
		Release.AspNetCompiler.TargetPath = "PrecompiledWeb\localhost_60195\"
		Release.AspNetCompiler.Updateable = "true"
		Release.AspNetCompiler.ForceOverwrite = "true"
		Release.AspNetCompiler.FixedNames = "false"
		Release.AspNetCompiler.Debug = "False"
		VWDPort = "60195"
		SlnRelativePath = "SAP\"
		DefaultWebSiteLanguage = "Visual C#"
	EndProjectSection
EndProject
Global
	GlobalSection(SolutionConfigurationPlatforms) = preSolution
		Debug|Any CPU = Debug|Any CPU
	EndGlobalSection
	GlobalSection(ProjectConfigurationPlatforms) = postSolution
		{DDD3AA2A-320F-4698-A04E-BA1616CFA690}.Debug|Any CPU.ActiveCfg = Debug|Any CPU
		{DDD3AA2A-320F-4698-A04E-BA1616CFA690}.Debug|Any CPU.Build.0 = Debug|Any CPU
	EndGlobalSection
	GlobalSection(SolutionProperties) = preSolution
		HideSolutionNode = FALSE
	EndGlobalSection
	GlobalSection(ExtensibilityGlobals) = postSolution
		SolutionGuid = {985DC514-639B-46B4-8F07-DE405255CF7C}
	EndGlobalSection
EndGlobal
